// !$*UTF8*$!
{
	archiveVersion = 1;
	classes = {
	};
	objectVersion = 46;
	objects = {

/* Begin PBXBuildFile section */
		0D27AE571BFB8C6300C60BD7 /* AppDelegate.swift in Sources */ = {isa = PBXBuildFile; fileRef = 0D27AE561BFB8C6300C60BD7 /* AppDelegate.swift */; };
		0D27AE591BFB8C6300C60BD7 /* MemeEditorViewController.swift in Sources */ = {isa = PBXBuildFile; fileRef = 0D27AE581BFB8C6300C60BD7 /* MemeEditorViewController.swift */; };
		0D27AE5C1BFB8C6300C60BD7 /* Main.storyboard in Resources */ = {isa = PBXBuildFile; fileRef = 0D27AE5A1BFB8C6300C60BD7 /* Main.storyboard */; };
		0D27AE611BFB8C6300C60BD7 /* LaunchScreen.storyboard in Resources */ = {isa = PBXBuildFile; fileRef = 0D27AE5F1BFB8C6300C60BD7 /* LaunchScreen.storyboard */; };
		0D27AE6C1BFB8C6400C60BD7 /* MemeMeTests.swift in Sources */ = {isa = PBXBuildFile; fileRef = 0D27AE6B1BFB8C6400C60BD7 /* MemeMeTests.swift */; };
		0D27AE771BFB8C6400C60BD7 /* MemeMeUITests.swift in Sources */ = {isa = PBXBuildFile; fileRef = 0D27AE761BFB8C6400C60BD7 /* MemeMeUITests.swift */; };
		0D27AEC11BFBED9A00C60BD7 /* TextField.swift in Sources */ = {isa = PBXBuildFile; fileRef = 0D27AEC01BFBED9A00C60BD7 /* TextField.swift */; };
		0D7FA6391C02C282004F7E34 /* ImagePicker.swift in Sources */ = {isa = PBXBuildFile; fileRef = 0D7FA6381C02C282004F7E34 /* ImagePicker.swift */; };
		0DA209421BFF8A90000FD39D /* PencilBrush.swift in Sources */ = {isa = PBXBuildFile; fileRef = 0DA209411BFF8A90000FD39D /* PencilBrush.swift */; };
		0DA209441BFF8AE1000FD39D /* Board.swift in Sources */ = {isa = PBXBuildFile; fileRef = 0DA209431BFF8AE1000FD39D /* Board.swift */; };
		0DA209481C01455F000FD39D /* images.xcassets in Resources */ = {isa = PBXBuildFile; fileRef = 0DA209471C01455F000FD39D /* images.xcassets */; };
		0DAF49D81BFCF07600086F47 /* Globals.swift in Sources */ = {isa = PBXBuildFile; fileRef = 0DAF49D71BFCF07600086F47 /* Globals.swift */; };
/* End PBXBuildFile section */

/* Begin PBXContainerItemProxy section */
		0D27AE681BFB8C6400C60BD7 /* PBXContainerItemProxy */ = {
			isa = PBXContainerItemProxy;
			containerPortal = 0D27AE4B1BFB8C6300C60BD7 /* Project object */;
			proxyType = 1;
			remoteGlobalIDString = 0D27AE521BFB8C6300C60BD7;
			remoteInfo = MemeMe;
		};
		0D27AE731BFB8C6400C60BD7 /* PBXContainerItemProxy */ = {
			isa = PBXContainerItemProxy;
			containerPortal = 0D27AE4B1BFB8C6300C60BD7 /* Project object */;
			proxyType = 1;
			remoteGlobalIDString = 0D27AE521BFB8C6300C60BD7;
			remoteInfo = MemeMe;
		};
/* End PBXContainerItemProxy section */

/* Begin PBXFileReference section */
		0D27AE531BFB8C6300C60BD7 /* MemeMe.app */ = {isa = PBXFileReference; explicitFileType = wrapper.application; includeInIndex = 0; path = MemeMe.app; sourceTree = BUILT_PRODUCTS_DIR; };
		0D27AE561BFB8C6300C60BD7 /* AppDelegate.swift */ = {isa = PBXFileReference; lastKnownFileType = sourcecode.swift; path = AppDelegate.swift; sourceTree = "<group>"; };
		0D27AE581BFB8C6300C60BD7 /* MemeEditorViewController.swift */ = {isa = PBXFileReference; lastKnownFileType = sourcecode.swift; path = MemeEditorViewController.swift; sourceTree = "<group>"; };
		0D27AE5B1BFB8C6300C60BD7 /* Base */ = {isa = PBXFileReference; lastKnownFileType = file.storyboard; name = Base; path = Base.lproj/Main.storyboard; sourceTree = "<group>"; };
		0D27AE601BFB8C6300C60BD7 /* Base */ = {isa = PBXFileReference; lastKnownFileType = file.storyboard; name = Base; path = Base.lproj/LaunchScreen.storyboard; sourceTree = "<group>"; };
		0D27AE621BFB8C6300C60BD7 /* Info.plist */ = {isa = PBXFileReference; lastKnownFileType = text.plist.xml; path = Info.plist; sourceTree = "<group>"; };
		0D27AE671BFB8C6400C60BD7 /* MemeMeTests.xctest */ = {isa = PBXFileReference; explicitFileType = wrapper.cfbundle; includeInIndex = 0; path = MemeMeTests.xctest; sourceTree = BUILT_PRODUCTS_DIR; };
		0D27AE6B1BFB8C6400C60BD7 /* MemeMeTests.swift */ = {isa = PBXFileReference; lastKnownFileType = sourcecode.swift; path = MemeMeTests.swift; sourceTree = "<group>"; };
		0D27AE6D1BFB8C6400C60BD7 /* Info.plist */ = {isa = PBXFileReference; lastKnownFileType = text.plist.xml; path = Info.plist; sourceTree = "<group>"; };
		0D27AE721BFB8C6400C60BD7 /* MemeMeUITests.xctest */ = {isa = PBXFileReference; explicitFileType = wrapper.cfbundle; includeInIndex = 0; path = MemeMeUITests.xctest; sourceTree = BUILT_PRODUCTS_DIR; };
		0D27AE761BFB8C6400C60BD7 /* MemeMeUITests.swift */ = {isa = PBXFileReference; lastKnownFileType = sourcecode.swift; path = MemeMeUITests.swift; sourceTree = "<group>"; };
		0D27AE781BFB8C6400C60BD7 /* Info.plist */ = {isa = PBXFileReference; lastKnownFileType = text.plist.xml; path = Info.plist; sourceTree = "<group>"; };
		0D27AEC01BFBED9A00C60BD7 /* TextField.swift */ = {isa = PBXFileReference; fileEncoding = 4; lastKnownFileType = sourcecode.swift; path = TextField.swift; sourceTree = "<group>"; };
		0D7FA6381C02C282004F7E34 /* ImagePicker.swift */ = {isa = PBXFileReference; fileEncoding = 4; lastKnownFileType = sourcecode.swift; path = ImagePicker.swift; sourceTree = "<group>"; };
		0DA209411BFF8A90000FD39D /* PencilBrush.swift */ = {isa = PBXFileReference; fileEncoding = 4; lastKnownFileType = sourcecode.swift; path = PencilBrush.swift; sourceTree = "<group>"; };
		0DA209431BFF8AE1000FD39D /* Board.swift */ = {isa = PBXFileReference; fileEncoding = 4; lastKnownFileType = sourcecode.swift; path = Board.swift; sourceTree = "<group>"; };
		0DA209471C01455F000FD39D /* images.xcassets */ = {isa = PBXFileReference; lastKnownFileType = folder.assetcatalog; path = images.xcassets; sourceTree = "<group>"; };
		0DAF49D71BFCF07600086F47 /* Globals.swift */ = {isa = PBXFileReference; fileEncoding = 4; lastKnownFileType = sourcecode.swift; path = Globals.swift; sourceTree = "<group>"; };
/* End PBXFileReference section */

/* Begin PBXFrameworksBuildPhase section */
		0D27AE501BFB8C6300C60BD7 /* Frameworks */ = {
			isa = PBXFrameworksBuildPhase;
			buildActionMask = 2147483647;
			files = (
			);
			runOnlyForDeploymentPostprocessing = 0;
		};
		0D27AE641BFB8C6400C60BD7 /* Frameworks */ = {
			isa = PBXFrameworksBuildPhase;
			buildActionMask = 2147483647;
			files = (
			);
			runOnlyForDeploymentPostprocessing = 0;
		};
		0D27AE6F1BFB8C6400C60BD7 /* Frameworks */ = {
			isa = PBXFrameworksBuildPhase;
			buildActionMask = 2147483647;
			files = (
			);
			runOnlyForDeploymentPostprocessing = 0;
		};
/* End PBXFrameworksBuildPhase section */

/* Begin PBXGroup section */
		0D27AE4A1BFB8C6300C60BD7 = {
			isa = PBXGroup;
			children = (
				0DA209471C01455F000FD39D /* images.xcassets */,
				0D27AE551BFB8C6300C60BD7 /* MemeMe */,
				0D27AE6A1BFB8C6400C60BD7 /* MemeMeTests */,
				0D27AE751BFB8C6400C60BD7 /* MemeMeUITests */,
				0D27AE541BFB8C6300C60BD7 /* Products */,
			);
			sourceTree = "<group>";
		};
		0D27AE541BFB8C6300C60BD7 /* Products */ = {
			isa = PBXGroup;
			children = (
				0D27AE531BFB8C6300C60BD7 /* MemeMe.app */,
				0D27AE671BFB8C6400C60BD7 /* MemeMeTests.xctest */,
				0D27AE721BFB8C6400C60BD7 /* MemeMeUITests.xctest */,
			);
			name = Products;
			sourceTree = "<group>";
		};
		0D27AE551BFB8C6300C60BD7 /* MemeMe */ = {
			isa = PBXGroup;
			children = (
				0D7FA6371C02C266004F7E34 /* Delegate */,
				0DA209401BFF8A82000FD39D /* Drawing */,
				0D27AE581BFB8C6300C60BD7 /* MemeEditorViewController.swift */,
				0D27AE5A1BFB8C6300C60BD7 /* Main.storyboard */,
				0D27AE5F1BFB8C6300C60BD7 /* LaunchScreen.storyboard */,
				0D27AE621BFB8C6300C60BD7 /* Info.plist */,
				0DAF49D71BFCF07600086F47 /* Globals.swift */,
			);
			path = MemeMe;
			sourceTree = "<group>";
		};
		0D27AE6A1BFB8C6400C60BD7 /* MemeMeTests */ = {
			isa = PBXGroup;
			children = (
				0D27AE6B1BFB8C6400C60BD7 /* MemeMeTests.swift */,
				0D27AE6D1BFB8C6400C60BD7 /* Info.plist */,
			);
			path = MemeMeTests;
			sourceTree = "<group>";
		};
		0D27AE751BFB8C6400C60BD7 /* MemeMeUITests */ = {
			isa = PBXGroup;
			children = (
				0D27AE761BFB8C6400C60BD7 /* MemeMeUITests.swift */,
				0D27AE781BFB8C6400C60BD7 /* Info.plist */,
			);
			path = MemeMeUITests;
			sourceTree = "<group>";
		};
		0D7FA6371C02C266004F7E34 /* Delegate */ = {
			isa = PBXGroup;
			children = (
				0D27AE561BFB8C6300C60BD7 /* AppDelegate.swift */,
				0D27AEC01BFBED9A00C60BD7 /* TextField.swift */,
				0D7FA6381C02C282004F7E34 /* ImagePicker.swift */,
			);
			name = Delegate;
			sourceTree = "<group>";
		};
		0DA209401BFF8A82000FD39D /* Drawing */ = {
			isa = PBXGroup;
			children = (
				0DA209411BFF8A90000FD39D /* PencilBrush.swift */,
				0DA209431BFF8AE1000FD39D /* Board.swift */,
			);
			name = Drawing;
			sourceTree = "<group>";
		};
/* End PBXGroup section */

/* Begin PBXNativeTarget section */
		0D27AE521BFB8C6300C60BD7 /* MemeMe */ = {
			isa = PBXNativeTarget;
			buildConfigurationList = 0D27AE7B1BFB8C6400C60BD7 /* Build configuration list for PBXNativeTarget "MemeMe" */;
			buildPhases = (
				0D27AE4F1BFB8C6300C60BD7 /* Sources */,
				0D27AE501BFB8C6300C60BD7 /* Frameworks */,
				0D27AE511BFB8C6300C60BD7 /* Resources */,
			);
			buildRules = (
			);
			dependencies = (
			);
			name = MemeMe;
			productName = MemeMe;
			productReference = 0D27AE531BFB8C6300C60BD7 /* MemeMe.app */;
			productType = "com.apple.product-type.application";
		};
		0D27AE661BFB8C6400C60BD7 /* MemeMeTests */ = {
			isa = PBXNativeTarget;
			buildConfigurationList = 0D27AE7E1BFB8C6400C60BD7 /* Build configuration list for PBXNativeTarget "MemeMeTests" */;
			buildPhases = (
				0D27AE631BFB8C6400C60BD7 /* Sources */,
				0D27AE641BFB8C6400C60BD7 /* Frameworks */,
				0D27AE651BFB8C6400C60BD7 /* Resources */,
			);
			buildRules = (
			);
			dependencies = (
				0D27AE691BFB8C6400C60BD7 /* PBXTargetDependency */,
			);
			name = MemeMeTests;
			productName = MemeMeTests;
			productReference = 0D27AE671BFB8C6400C60BD7 /* MemeMeTests.xctest */;
			productType = "com.apple.product-type.bundle.unit-test";
		};
		0D27AE711BFB8C6400C60BD7 /* MemeMeUITests */ = {
			isa = PBXNativeTarget;
			buildConfigurationList = 0D27AE811BFB8C6400C60BD7 /* Build configuration list for PBXNativeTarget "MemeMeUITests" */;
			buildPhases = (
				0D27AE6E1BFB8C6400C60BD7 /* Sources */,
				0D27AE6F1BFB8C6400C60BD7 /* Frameworks */,
				0D27AE701BFB8C6400C60BD7 /* Resources */,
			);
			buildRules = (
			);
			dependencies = (
				0D27AE741BFB8C6400C60BD7 /* PBXTargetDependency */,
			);
			name = MemeMeUITests;
			productName = MemeMeUITests;
			productReference = 0D27AE721BFB8C6400C60BD7 /* MemeMeUITests.xctest */;
			productType = "com.apple.product-type.bundle.ui-testing";
		};
/* End PBXNativeTarget section */

/* Begin PBXProject section */
		0D27AE4B1BFB8C6300C60BD7 /* Project object */ = {
			isa = PBXProject;
			attributes = {
				LastSwiftUpdateCheck = 0710;
				LastUpgradeCheck = 0710;
				ORGANIZATIONNAME = Nora;
				TargetAttributes = {
					0D27AE521BFB8C6300C60BD7 = {
						CreatedOnToolsVersion = 7.1;
					};
					0D27AE661BFB8C6400C60BD7 = {
						CreatedOnToolsVersion = 7.1;
						TestTargetID = 0D27AE521BFB8C6300C60BD7;
					};
					0D27AE711BFB8C6400C60BD7 = {
						CreatedOnToolsVersion = 7.1;
						TestTargetID = 0D27AE521BFB8C6300C60BD7;
					};
				};
			};
			buildConfigurationList = 0D27AE4E1BFB8C6300C60BD7 /* Build configuration list for PBXProject "MemeMe" */;
			compatibilityVersion = "Xcode 3.2";
			developmentRegion = English;
			hasScannedForEncodings = 0;
			knownRegions = (
				en,
				Base,
			);
			mainGroup = 0D27AE4A1BFB8C6300C60BD7;
			productRefGroup = 0D27AE541BFB8C6300C60BD7 /* Products */;
			projectDirPath = "";
			projectRoot = "";
			targets = (
				0D27AE521BFB8C6300C60BD7 /* MemeMe */,
				0D27AE661BFB8C6400C60BD7 /* MemeMeTests */,
				0D27AE711BFB8C6400C60BD7 /* MemeMeUITests */,
			);
		};
/* End PBXProject section */

/* Begin PBXResourcesBuildPhase section */
		0D27AE511BFB8C6300C60BD7 /* Resources */ = {
			isa = PBXResourcesBuildPhase;
			buildActionMask = 2147483647;
			files = (
				0DA209481C01455F000FD39D /* images.xcassets in Resources */,
				0D27AE611BFB8C6300C60BD7 /* LaunchScreen.storyboard in Resources */,
				0D27AE5C1BFB8C6300C60BD7 /* Main.storyboard in Resources */,
			);
			runOnlyForDeploymentPostprocessing = 0;
		};
		0D27AE651BFB8C6400C60BD7 /* Resources */ = {
			isa = PBXResourcesBuildPhase;
			buildActionMask = 2147483647;
			files = (
			);
			runOnlyForDeploymentPostprocessing = 0;
		};
		0D27AE701BFB8C6400C60BD7 /* Resources */ = {
			isa = PBXResourcesBuildPhase;
			buildActionMask = 2147483647;
			files = (
			);
			runOnlyForDeploymentPostprocessing = 0;
		};
/* End PBXResourcesBuildPhase section */

/* Begin PBXSourcesBuildPhase section */
		0D27AE4F1BFB8C6300C60BD7 /* Sources */ = {
			isa = PBXSourcesBuildPhase;
			buildActionMask = 2147483647;
			files = (
				0D7FA6391C02C282004F7E34 /* ImagePicker.swift in Sources */,
				0DA209421BFF8A90000FD39D /* PencilBrush.swift in Sources */,
				0DAF49D81BFCF07600086F47 /* Globals.swift in Sources */,
				0DA209441BFF8AE1000FD39D /* Board.swift in Sources */,
				0D27AEC11BFBED9A00C60BD7 /* TextField.swift in Sources */,
				0D27AE591BFB8C6300C60BD7 /* MemeEditorViewController.swift in Sources */,
				0D27AE571BFB8C6300C60BD7 /* AppDelegate.swift in Sources */,
			);
			runOnlyForDeploymentPostprocessing = 0;
		};
		0D27AE631BFB8C6400C60BD7 /* Sources */ = {
			isa = PBXSourcesBuildPhase;
			buildActionMask = 2147483647;
			files = (
				0D27AE6C1BFB8C6400C60BD7 /* MemeMeTests.swift in Sources */,
			);
			runOnlyForDeploymentPostprocessing = 0;
		};
		0D27AE6E1BFB8C6400C60BD7 /* Sources */ = {
			isa = PBXSourcesBuildPhase;
			buildActionMask = 2147483647;
			files = (
				0D27AE771BFB8C6400C60BD7 /* MemeMeUITests.swift in Sources */,
			);
			runOnlyForDeploymentPostprocessing = 0;
		};
/* End PBXSourcesBuildPhase section */

/* Begin PBXTargetDependency section */
		0D27AE691BFB8C6400C60BD7 /* PBXTargetDependency */ = {
			isa = PBXTargetDependency;
			target = 0D27AE521BFB8C6300C60BD7 /* MemeMe */;
			targetProxy = 0D27AE681BFB8C6400C60BD7 /* PBXContainerItemProxy */;
		};
		0D27AE741BFB8C6400C60BD7 /* PBXTargetDependency */ = {
			isa = PBXTargetDependency;
			target = 0D27AE521BFB8C6300C60BD7 /* MemeMe */;
			targetProxy = 0D27AE731BFB8C6400C60BD7 /* PBXContainerItemProxy */;
		};
/* End PBXTargetDependency section */

/* Begin PBXVariantGroup section */
		0D27AE5A1BFB8C6300C60BD7 /* Main.storyboard */ = {
			isa = PBXVariantGroup;
			children = (
				0D27AE5B1BFB8C6300C60BD7 /* Base */,
			);
			name = Main.storyboard;
			sourceTree = "<group>";
		};
		0D27AE5F1BFB8C6300C60BD7 /* LaunchScreen.storyboard */ = {
			isa = PBXVariantGroup;
			children = (
				0D27AE601BFB8C6300C60BD7 /* Base */,
			);
			name = LaunchScreen.storyboard;
			sourceTree = "<group>";
		};
/* End PBXVariantGroup section */

/* Begin XCBuildConfiguration section */
		0D27AE791BFB8C6400C60BD7 /* Debug */ = {
			isa = XCBuildConfiguration;
			buildSettings = {
				ALWAYS_SEARCH_USER_PATHS = NO;
				CLANG_CXX_LANGUAGE_STANDARD = "gnu++0x";
				CLANG_CXX_LIBRARY = "libc++";
				CLANG_ENABLE_MODULES = YES;
				CLANG_ENABLE_OBJC_ARC = YES;
				CLANG_WARN_BOOL_CONVERSION = YES;
				CLANG_WARN_CONSTANT_CONVERSION = YES;
				CLANG_WARN_DIRECT_OBJC_ISA_USAGE = YES_ERROR;
				CLANG_WARN_EMPTY_BODY = YES;
				CLANG_WARN_ENUM_CONVERSION = YES;
				CLANG_WARN_INT_CONVERSION = YES;
				CLANG_WARN_OBJC_ROOT_CLASS = YES_ERROR;
				CLANG_WARN_UNREACHABLE_CODE = YES;
				CLANG_WARN__DUPLICATE_METHOD_MATCH = YES;
				"CODE_SIGN_IDENTITY[sdk=iphoneos*]" = "iPhone Developer";
				COPY_PHASE_STRIP = NO;
				DEBUG_INFORMATION_FORMAT = dwarf;
				ENABLE_STRICT_OBJC_MSGSEND = YES;
				ENABLE_TESTABILITY = YES;
				GCC_C_LANGUAGE_STANDARD = gnu99;
				GCC_DYNAMIC_NO_PIC = NO;
				GCC_NO_COMMON_BLOCKS = YES;
				GCC_OPTIMIZATION_LEVEL = 0;
				GCC_PREPROCESSOR_DEFINITIONS = (
					"DEBUG=1",
					"$(inherited)",
				);
				GCC_WARN_64_TO_32_BIT_CONVERSION = YES;
				GCC_WARN_ABOUT_RETURN_TYPE = YES_ERROR;
				GCC_WARN_UNDECLARED_SELECTOR = YES;
				GCC_WARN_UNINITIALIZED_AUTOS = YES_AGGRESSIVE;
				GCC_WARN_UNUSED_FUNCTION = YES;
				GCC_WARN_UNUSED_VARIABLE = YES;
				IPHONEOS_DEPLOYMENT_TARGET = 9.1;
				MTL_ENABLE_DEBUG_INFO = YES;
				ONLY_ACTIVE_ARCH = YES;
				SDKROOT = iphoneos;
				SWIFT_OPTIMIZATION_LEVEL = "-Onone";
			};
			name = Debug;
		};
		0D27AE7A1BFB8C6400C60BD7 /* Release */ = {
			isa = XCBuildConfiguration;
			buildSettings = {
				ALWAYS_SEARCH_USER_PATHS = NO;
				CLANG_CXX_LANGUAGE_STANDARD = "gnu++0x";
				CLANG_CXX_LIBRARY = "libc++";
				CLANG_ENABLE_MODULES = YES;
				CLANG_ENABLE_OBJC_ARC = YES;
				CLANG_WARN_BOOL_CONVERSION = YES;
				CLANG_WARN_CONSTANT_CONVERSION = YES;
				CLANG_WARN_DIRECT_OBJC_ISA_USAGE = YES_ERROR;
				CLANG_WARN_EMPTY_BODY = YES;
				CLANG_WARN_ENUM_CONVERSION = YES;
				CLANG_WARN_INT_CONVERSION = YES;
				CLANG_WARN_OBJC_ROOT_CLASS = YES_ERROR;
				CLANG_WARN_UNREACHABLE_CODE = YES;
				CLANG_WARN__DUPLICATE_METHOD_MATCH = YES;
				"CODE_SIGN_IDENTITY[sdk=iphoneos*]" = "iPhone Developer";
				COPY_PHASE_STRIP = NO;
				DEBUG_INFORMATION_FORMAT = "dwarf-with-dsym";
				ENABLE_NS_ASSERTIONS = NO;
				ENABLE_STRICT_OBJC_MSGSEND = YES;
				GCC_C_LANGUAGE_STANDARD = gnu99;
				GCC_NO_COMMON_BLOCKS = YES;
				GCC_WARN_64_TO_32_BIT_CONVERSION = YES;
				GCC_WARN_ABOUT_RETURN_TYPE = YES_ERROR;
				GCC_WARN_UNDECLARED_SELECTOR = YES;
				GCC_WARN_UNINITIALIZED_AUTOS = YES_AGGRESSIVE;
				GCC_WARN_UNUSED_FUNCTION = YES;
				GCC_WARN_UNUSED_VARIABLE = YES;
				IPHONEOS_DEPLOYMENT_TARGET = 9.1;
				MTL_ENABLE_DEBUG_INFO = NO;
				SDKROOT = iphoneos;
				VALIDATE_PRODUCT = YES;
			};
			name = Release;
		};
		0D27AE7C1BFB8C6400C60BD7 /* Debug */ = {
			isa = XCBuildConfiguration;
			buildSettings = {
				ASSETCATALOG_COMPILER_APPICON_NAME = AppIcon;
				INFOPLIST_FILE = MemeMe/Info.plist;
				LD_RUNPATH_SEARCH_PATHS = "$(inherited) @executable_path/Frameworks";
				PRODUCT_BUNDLE_IDENTIFIER = com.Nora.MemeMe;
				PRODUCT_NAME = "$(TARGET_NAME)";
			};
			name = Debug;
		};
		0D27AE7D1BFB8C6400C60BD7 /* Release */ = {
			isa = XCBuildConfiguration;
			buildSettings = {
				ASSETCATALOG_COMPILER_APPICON_NAME = AppIcon;
				INFOPLIST_FILE = MemeMe/Info.plist;
				LD_RUNPATH_SEARCH_PATHS = "$(inherited) @executable_path/Frameworks";
				PRODUCT_BUNDLE_IDENTIFIER = com.Nora.MemeMe;
				PRODUCT_NAME = "$(TARGET_NAME)";
			};
			name = Release;
		};
		0D27AE7F1BFB8C6400C60BD7 /* Debug */ = {
			isa = XCBuildConfiguration;
			buildSettings = {
				BUNDLE_LOADER = "$(TEST_HOST)";
				INFOPLIST_FILE = MemeMeTests/Info.plist;
				LD_RUNPATH_SEARCH_PATHS = "$(inherited) @executable_path/Frameworks @loader_path/Frameworks";
				PRODUCT_BUNDLE_IDENTIFIER = com.Nora.MemeMeTests;
				PRODUCT_NAME = "$(TARGET_NAME)";
				TEST_HOST = "$(BUILT_PRODUCTS_DIR)/MemeMe.app/MemeMe";
			};
			name = Debug;
		};
		0D27AE801BFB8C6400C60BD7 /* Release */ = {
			isa = XCBuildConfiguration;
			buildSettings = {
				BUNDLE_LOADER = "$(TEST_HOST)";
				INFOPLIST_FILE = MemeMeTests/Info.plist;
				LD_RUNPATH_SEARCH_PATHS = "$(inherited) @executable_path/Frameworks @loader_path/Frameworks";
				PRODUCT_BUNDLE_IDENTIFIER = com.Nora.MemeMeTests;
				PRODUCT_NAME = "$(TARGET_NAME)";
				TEST_HOST = "$(BUILT_PRODUCTS_DIR)/MemeMe.app/MemeMe";
			};
			name = Release;
		};
		0D27AE821BFB8C6400C60BD7 /* Debug */ = {
			isa = XCBuildConfiguration;
			buildSettings = {
				INFOPLIST_FILE = MemeMeUITests/Info.plist;
				LD_RUNPATH_SEARCH_PATHS = "$(inherited) @executable_path/Frameworks @loader_path/Frameworks";
				PRODUCT_BUNDLE_IDENTIFIER = com.Nora.MemeMeUITests;
				PRODUCT_NAME = "$(TARGET_NAME)";
				TEST_TARGET_NAME = MemeMe;
				USES_XCTRUNNER = YES;
			};
			name = Debug;
		};
		0D27AE831BFB8C6400C60BD7 /* Release */ = {
			isa = XCBuildConfiguration;
			buildSettings = {
				INFOPLIST_FILE = MemeMeUITests/Info.plist;
				LD_RUNPATH_SEARCH_PATHS = "$(inherited) @executable_path/Frameworks @loader_path/Frameworks";
				PRODUCT_BUNDLE_IDENTIFIER = com.Nora.MemeMeUITests;
				PRODUCT_NAME = "$(TARGET_NAME)";
				TEST_TARGET_NAME = MemeMe;
				USES_XCTRUNNER = YES;
			};
			name = Release;
		};
/* End XCBuildConfiguration section */

/* Begin XCConfigurationList section */
		0D27AE4E1BFB8C6300C60BD7 /* Build configuration list for PBXProject "MemeMe" */ = {
			isa = XCConfigurationList;
			buildConfigurations = (
				0D27AE791BFB8C6400C60BD7 /* Debug */,
				0D27AE7A1BFB8C6400C60BD7 /* Release */,
			);
			defaultConfigurationIsVisible = 0;
			defaultConfigurationName = Release;
		};
		0D27AE7B1BFB8C6400C60BD7 /* Build configuration list for PBXNativeTarget "MemeMe" */ = {
			isa = XCConfigurationList;
			buildConfigurations = (
				0D27AE7C1BFB8C6400C60BD7 /* Debug */,
				0D27AE7D1BFB8C6400C60BD7 /* Release */,
			);
			defaultConfigurationIsVisible = 0;
			defaultConfigurationName = Release;
		};
		0D27AE7E1BFB8C6400C60BD7 /* Build configuration list for PBXNativeTarget "MemeMeTests" */ = {
			isa = XCConfigurationList;
			buildConfigurations = (
				0D27AE7F1BFB8C6400C60BD7 /* Debug */,
				0D27AE801BFB8C6400C60BD7 /* Release */,
			);
			defaultConfigurationIsVisible = 0;
			defaultConfigurationName = Release;
		};
		0D27AE811BFB8C6400C60BD7 /* Build configuration list for PBXNativeTarget "MemeMeUITests" */ = {
			isa = XCConfigurationList;
			buildConfigurations = (
				0D27AE821BFB8C6400C60BD7 /* Debug */,
				0D27AE831BFB8C6400C60BD7 /* Release */,
			);
			defaultConfigurationIsVisible = 0;
			defaultConfigurationName = Release;
		};
/* End XCConfigurationList section */
	};
	rootObject = 0D27AE4B1BFB8C6300C60BD7 /* Project object */;
}
